
Microsoft Visual Studio Solution File, Format Version 12.00
# Visual Studio Version 17
VisualStudioVersion = 17.0.31903.59
MinimumVisualStudioVersion = 10.0.40219.1
Project("{2150E333-8FDC-42A3-9474-1A3956D46DE8}") = "_Solution Items", "_Solution Items", "{D73B1CC2-F7E7-4CC1-BF9E-7429B8DAFE86}"
EndProject
Project("{2150E333-8FDC-42A3-9474-1A3956D46DE8}") = "Linting", "Linting", "{4B824C4B-871D-4429-8A2D-FD41DB8E35A8}"
	ProjectSection(SolutionItems) = preProject
		.editorconfig = .editorconfig
		stylecop.json = stylecop.json
	EndProjectSection
EndProject
Project("{2150E333-8FDC-42A3-9474-1A3956D46DE8}") = "Build Props", "Build Props", "{F0513D99-D402-4CE9-8559-7AE2BEBF5578}"
	ProjectSection(SolutionItems) = preProject
		Directory.Build.props = Directory.Build.props
		Directory.Build.Tests.props.xml = Directory.Build.Tests.props.xml
	EndProjectSection
EndProject
Project("{2150E333-8FDC-42A3-9474-1A3956D46DE8}") = "Core", "Core", "{1799F89E-5423-4857-9D96-7BEA12554A89}"
EndProject
Project("{9A19103F-16F7-4668-BE54-9A1E7A4F7556}") = "Umbraco.Community.Indekso.Core", "Core\code\Umbraco.Community.Indekso.Core.csproj", "{5D5C0E02-D905-44E6-B237-93DB311DDD81}"
EndProject
Project("{2150E333-8FDC-42A3-9474-1A3956D46DE8}") = "Infrastructure", "Infrastructure", "{8771521B-6859-4838-9B24-C74AECB4EA39}"
EndProject
Project("{9A19103F-16F7-4668-BE54-9A1E7A4F7556}") = "Umbraco.Community.Indekso.Infrastructure", "Infrastructure\code\Umbraco.Community.Indekso.Infrastructure.csproj", "{CCF1E539-B5FE-4063-9E06-4B5459F53A67}"
EndProject
Project("{2150E333-8FDC-42A3-9474-1A3956D46DE8}") = "BackOffice", "BackOffice", "{FA103918-B25A-4331-97E7-1CD99EC02257}"
EndProject
Project("{9A19103F-16F7-4668-BE54-9A1E7A4F7556}") = "Umbraco.Community.Indekso.BackOffice", "BackOffice\code\Umbraco.Community.Indekso.BackOffice.csproj", "{F71D0D4D-AC9C-4D52-9119-913F376EEA7E}"
EndProject
Project("{2150E333-8FDC-42A3-9474-1A3956D46DE8}") = "Package", "Package", "{B80847BB-7371-4767-ADB4-8A738DBB5CFC}"
EndProject
Project("{9A19103F-16F7-4668-BE54-9A1E7A4F7556}") = "Umbraco.Community.Indekso", "Package\code\Umbraco.Community.Indekso.csproj", "{7B300CC9-606E-47AF-B653-BA91DF8256A5}"
EndProject
Project("{2150E333-8FDC-42A3-9474-1A3956D46DE8}") = "Utilities", "Utilities", "{1B62CF40-4384-4076-B4FE-D658AF27C0FA}"
	ProjectSection(SolutionItems) = preProject
		..\Utilities\CreateNugetPackages.ps1 = ..\Utilities\CreateNugetPackages.ps1
		..\Utilities\SetupTestSite.ps1 = ..\Utilities\SetupTestSite.ps1
		..\Utilities\StartTestSite.ps1 = ..\Utilities\StartTestSite.ps1
		..\Utilities\UpdateTestSites.ps1 = ..\Utilities\UpdateTestSites.ps1
		..\Utilities\Variables.ps1 = ..\Utilities\Variables.ps1
	EndProjectSection
EndProject
Project("{2150E333-8FDC-42A3-9474-1A3956D46DE8}") = "Extractors", "Extractors", "{8539FD5E-9798-4AFD-BDEA-C9CDBD671C1C}"
EndProject
Project("{9A19103F-16F7-4668-BE54-9A1E7A4F7556}") = "Umbraco.Community.Indekso.Extractors", "Extractors\code\Umbraco.Community.Indekso.Extractors.csproj", "{5C84495B-83D0-4C14-BE6C-CAB15821E78E}"
EndProject
Project("{9A19103F-16F7-4668-BE54-9A1E7A4F7556}") = "Umbraco.Community.Indekso.Extractors.Tests", "Extractors\tests\Umbraco.Community.Indekso.Extractors.Tests.csproj", "{0911977C-5EE6-49AD-AFFF-D43394B740BF}"
EndProject
Global
	GlobalSection(SolutionConfigurationPlatforms) = preSolution
		Debug|Any CPU = Debug|Any CPU
		Release|Any CPU = Release|Any CPU
	EndGlobalSection
	GlobalSection(ProjectConfigurationPlatforms) = postSolution
		{5D5C0E02-D905-44E6-B237-93DB311DDD81}.Debug|Any CPU.ActiveCfg = Debug|Any CPU
		{5D5C0E02-D905-44E6-B237-93DB311DDD81}.Debug|Any CPU.Build.0 = Debug|Any CPU
		{5D5C0E02-D905-44E6-B237-93DB311DDD81}.Release|Any CPU.ActiveCfg = Release|Any CPU
		{5D5C0E02-D905-44E6-B237-93DB311DDD81}.Release|Any CPU.Build.0 = Release|Any CPU
		{CCF1E539-B5FE-4063-9E06-4B5459F53A67}.Debug|Any CPU.ActiveCfg = Debug|Any CPU
		{CCF1E539-B5FE-4063-9E06-4B5459F53A67}.Debug|Any CPU.Build.0 = Debug|Any CPU
		{CCF1E539-B5FE-4063-9E06-4B5459F53A67}.Release|Any CPU.ActiveCfg = Release|Any CPU
		{CCF1E539-B5FE-4063-9E06-4B5459F53A67}.Release|Any CPU.Build.0 = Release|Any CPU
		{F71D0D4D-AC9C-4D52-9119-913F376EEA7E}.Debug|Any CPU.ActiveCfg = Debug|Any CPU
		{F71D0D4D-AC9C-4D52-9119-913F376EEA7E}.Debug|Any CPU.Build.0 = Debug|Any CPU
		{F71D0D4D-AC9C-4D52-9119-913F376EEA7E}.Release|Any CPU.ActiveCfg = Release|Any CPU
		{F71D0D4D-AC9C-4D52-9119-913F376EEA7E}.Release|Any CPU.Build.0 = Release|Any CPU
		{7B300CC9-606E-47AF-B653-BA91DF8256A5}.Debug|Any CPU.ActiveCfg = Debug|Any CPU
		{7B300CC9-606E-47AF-B653-BA91DF8256A5}.Debug|Any CPU.Build.0 = Debug|Any CPU
		{7B300CC9-606E-47AF-B653-BA91DF8256A5}.Release|Any CPU.ActiveCfg = Release|Any CPU
		{7B300CC9-606E-47AF-B653-BA91DF8256A5}.Release|Any CPU.Build.0 = Release|Any CPU
		{5C84495B-83D0-4C14-BE6C-CAB15821E78E}.Debug|Any CPU.ActiveCfg = Debug|Any CPU
		{5C84495B-83D0-4C14-BE6C-CAB15821E78E}.Debug|Any CPU.Build.0 = Debug|Any CPU
		{5C84495B-83D0-4C14-BE6C-CAB15821E78E}.Release|Any CPU.ActiveCfg = Release|Any CPU
		{5C84495B-83D0-4C14-BE6C-CAB15821E78E}.Release|Any CPU.Build.0 = Release|Any CPU
		{0911977C-5EE6-49AD-AFFF-D43394B740BF}.Debug|Any CPU.ActiveCfg = Debug|Any CPU
		{0911977C-5EE6-49AD-AFFF-D43394B740BF}.Debug|Any CPU.Build.0 = Debug|Any CPU
		{0911977C-5EE6-49AD-AFFF-D43394B740BF}.Release|Any CPU.ActiveCfg = Release|Any CPU
		{0911977C-5EE6-49AD-AFFF-D43394B740BF}.Release|Any CPU.Build.0 = Release|Any CPU
	EndGlobalSection
	GlobalSection(SolutionProperties) = preSolution
		HideSolutionNode = FALSE
	EndGlobalSection
	GlobalSection(NestedProjects) = preSolution
		{4B824C4B-871D-4429-8A2D-FD41DB8E35A8} = {D73B1CC2-F7E7-4CC1-BF9E-7429B8DAFE86}
		{F0513D99-D402-4CE9-8559-7AE2BEBF5578} = {D73B1CC2-F7E7-4CC1-BF9E-7429B8DAFE86}
		{5D5C0E02-D905-44E6-B237-93DB311DDD81} = {1799F89E-5423-4857-9D96-7BEA12554A89}
		{CCF1E539-B5FE-4063-9E06-4B5459F53A67} = {8771521B-6859-4838-9B24-C74AECB4EA39}
		{F71D0D4D-AC9C-4D52-9119-913F376EEA7E} = {FA103918-B25A-4331-97E7-1CD99EC02257}
		{7B300CC9-606E-47AF-B653-BA91DF8256A5} = {B80847BB-7371-4767-ADB4-8A738DBB5CFC}
		{1B62CF40-4384-4076-B4FE-D658AF27C0FA} = {D73B1CC2-F7E7-4CC1-BF9E-7429B8DAFE86}
		{5C84495B-83D0-4C14-BE6C-CAB15821E78E} = {8539FD5E-9798-4AFD-BDEA-C9CDBD671C1C}
		{0911977C-5EE6-49AD-AFFF-D43394B740BF} = {8539FD5E-9798-4AFD-BDEA-C9CDBD671C1C}
	EndGlobalSection
	GlobalSection(ExtensibilityGlobals) = postSolution
		SolutionGuid = {D26423C1-52FF-45E7-83CA-5ED67BE15951}
	EndGlobalSection
EndGlobal
