
Microsoft Visual Studio Solution File, Format Version 12.00
# Visual Studio Version 17
VisualStudioVersion = 17.0.31903.59
MinimumVisualStudioVersion = 10.0.40219.1
Project("{2150E333-8FDC-42A3-9474-1A3956D46DE8}") = "_Solution Items", "_Solution Items", "{D73B1CC2-F7E7-4CC1-BF9E-7429B8DAFE86}"
EndProject
Project("{2150E333-8FDC-42A3-9474-1A3956D46DE8}") = "Linting", "Linting", "{4B824C4B-871D-4429-8A2D-FD41DB8E35A8}"
	ProjectSection(SolutionItems) = preProject
		.editorconfig = .editorconfig
		stylecop.json = stylecop.json
	EndProjectSection
EndProject
Project("{2150E333-8FDC-42A3-9474-1A3956D46DE8}") = "Build Props", "Build Props", "{F0513D99-D402-4CE9-8559-7AE2BEBF5578}"
	ProjectSection(SolutionItems) = preProject
		Directory.Build.props = Directory.Build.props
	EndProjectSection
EndProject
Project("{2150E333-8FDC-42A3-9474-1A3956D46DE8}") = "Core", "Core", "{1799F89E-5423-4857-9D96-7BEA12554A89}"
EndProject
Project("{FAE04EC0-301F-11D3-BF4B-00C04F79EFBC}") = "Umbraco.Community.Indekso.Core", "Core\code\Umbraco.Community.Indekso.Core.csproj", "{5D5C0E02-D905-44E6-B237-93DB311DDD81}"
EndProject
Global
	GlobalSection(SolutionConfigurationPlatforms) = preSolution
		Debug|Any CPU = Debug|Any CPU
		Release|Any CPU = Release|Any CPU
	EndGlobalSection
	GlobalSection(SolutionProperties) = preSolution
		HideSolutionNode = FALSE
	EndGlobalSection
	GlobalSection(NestedProjects) = preSolution
		{4B824C4B-871D-4429-8A2D-FD41DB8E35A8} = {D73B1CC2-F7E7-4CC1-BF9E-7429B8DAFE86}
		{F0513D99-D402-4CE9-8559-7AE2BEBF5578} = {D73B1CC2-F7E7-4CC1-BF9E-7429B8DAFE86}
		{5D5C0E02-D905-44E6-B237-93DB311DDD81} = {1799F89E-5423-4857-9D96-7BEA12554A89}
	EndGlobalSection
	GlobalSection(ExtensibilityGlobals) = postSolution
		SolutionGuid = {D26423C1-52FF-45E7-83CA-5ED67BE15951}
	EndGlobalSection
	GlobalSection(ProjectConfigurationPlatforms) = postSolution
		{5D5C0E02-D905-44E6-B237-93DB311DDD81}.Debug|Any CPU.ActiveCfg = Debug|Any CPU
		{5D5C0E02-D905-44E6-B237-93DB311DDD81}.Debug|Any CPU.Build.0 = Debug|Any CPU
		{5D5C0E02-D905-44E6-B237-93DB311DDD81}.Release|Any CPU.ActiveCfg = Release|Any CPU
		{5D5C0E02-D905-44E6-B237-93DB311DDD81}.Release|Any CPU.Build.0 = Release|Any CPU
	EndGlobalSection
EndGlobal
